
Microsoft Visual Studio Solution File, Format Version 12.00
# Visual Studio Version 17
VisualStudioVersion = 17.0.31903.59
MinimumVisualStudioVersion = 10.0.40219.1
Project("{FAE04EC0-301F-11D3-BF4B-00C04F79EFBC}") = "CapaNegocio", "CapaNegocio\CapaNegocio.csproj", "{1EDDAE7E-753C-4313-911A-07E212EDD14D}"
EndProject
Project("{FAE04EC0-301F-11D3-BF4B-00C04F79EFBC}") = "CapaUsuario", "CapaUsuario\CapaUsuario.csproj", "{7DD51D41-6D5F-4EC2-B31C-359D9EA5DEA8}"
EndProject
Global
	GlobalSection(SolutionConfigurationPlatforms) = preSolution
		Debug|Any CPU = Debug|Any CPU
		Release|Any CPU = Release|Any CPU
	EndGlobalSection
	GlobalSection(SolutionProperties) = preSolution
		HideSolutionNode = FALSE
	EndGlobalSection
	GlobalSection(ProjectConfigurationPlatforms) = postSolution
		{1EDDAE7E-753C-4313-911A-07E212EDD14D}.Debug|Any CPU.ActiveCfg = Debug|Any CPU
		{1EDDAE7E-753C-4313-911A-07E212EDD14D}.Debug|Any CPU.Build.0 = Debug|Any CPU
		{1EDDAE7E-753C-4313-911A-07E212EDD14D}.Release|Any CPU.ActiveCfg = Release|Any CPU
		{1EDDAE7E-753C-4313-911A-07E212EDD14D}.Release|Any CPU.Build.0 = Release|Any CPU
		{7DD51D41-6D5F-4EC2-B31C-359D9EA5DEA8}.Debug|Any CPU.ActiveCfg = Debug|Any CPU
		{7DD51D41-6D5F-4EC2-B31C-359D9EA5DEA8}.Debug|Any CPU.Build.0 = Debug|Any CPU
		{7DD51D41-6D5F-4EC2-B31C-359D9EA5DEA8}.Release|Any CPU.ActiveCfg = Release|Any CPU
		{7DD51D41-6D5F-4EC2-B31C-359D9EA5DEA8}.Release|Any CPU.Build.0 = Release|Any CPU
	EndGlobalSection
EndGlobal
